
Microsoft Visual Studio Solution File, Format Version 12.00
# Visual Studio Version 17
VisualStudioVersion = 17.11.35222.181
MinimumVisualStudioVersion = 10.0.40219.1
Project("{FAE04EC0-301F-11D3-BF4B-00C04F79EFBC}") = "PracticeWebApplication", "PracticeWebApplication\PracticeWebApplication.csproj", "{2C37B1E7-779B-42BD-8427-19F1592DF039}"
EndProject
Global
	GlobalSection(SolutionConfigurationPlatforms) = preSolution
		Debug|Any CPU = Debug|Any CPU
		Release|Any CPU = Release|Any CPU
	EndGlobalSection
	GlobalSection(ProjectConfigurationPlatforms) = postSolution
		{2C37B1E7-779B-42BD-8427-19F1592DF039}.Debug|Any CPU.ActiveCfg = Debug|Any CPU
		{2C37B1E7-779B-42BD-8427-19F1592DF039}.Debug|Any CPU.Build.0 = Debug|Any CPU
		{2C37B1E7-779B-42BD-8427-19F1592DF039}.Release|Any CPU.ActiveCfg = Release|Any CPU
		{2C37B1E7-779B-42BD-8427-19F1592DF039}.Release|Any CPU.Build.0 = Release|Any CPU
	EndGlobalSection
	GlobalSection(SolutionProperties) = preSolution
		HideSolutionNode = FALSE
	EndGlobalSection
	GlobalSection(ExtensibilityGlobals) = postSolution
		SolutionGuid = {FF973F80-8787-4AA4-84F3-0D00ED021AD4}
	EndGlobalSection
EndGlobal
